
Microsoft Visual Studio Solution File, Format Version 12.00
# Visual Studio Version 17
VisualStudioVersion = 17.1.32210.238
MinimumVisualStudioVersion = 10.0.40219.1
Project("{FAE04EC0-301F-11D3-BF4B-00C04F79EFBC}") = "TesteCbr", "TesteCbr\TesteCbr.csproj", "{C401BE98-E18B-4B65-943B-7AD2703D672F}"
EndProject
Global
	GlobalSection(SolutionConfigurationPlatforms) = preSolution
		Debug|Any CPU = Debug|Any CPU
		Release|Any CPU = Release|Any CPU
	EndGlobalSection
	GlobalSection(ProjectConfigurationPlatforms) = postSolution
		{C401BE98-E18B-4B65-943B-7AD2703D672F}.Debug|Any CPU.ActiveCfg = Debug|Any CPU
		{C401BE98-E18B-4B65-943B-7AD2703D672F}.Debug|Any CPU.Build.0 = Debug|Any CPU
		{C401BE98-E18B-4B65-943B-7AD2703D672F}.Release|Any CPU.ActiveCfg = Release|Any CPU
		{C401BE98-E18B-4B65-943B-7AD2703D672F}.Release|Any CPU.Build.0 = Release|Any CPU
	EndGlobalSection
	GlobalSection(SolutionProperties) = preSolution
		HideSolutionNode = FALSE
	EndGlobalSection
	GlobalSection(ExtensibilityGlobals) = postSolution
		SolutionGuid = {FCEE357E-C072-4822-916C-F6DF317E6D65}
	EndGlobalSection
EndGlobal
